
Microsoft Visual Studio Solution File, Format Version 12.00
# Visual Studio Version 16
VisualStudioVersion = 16.0.30204.135
MinimumVisualStudioVersion = 10.0.40219.1
Project("{FAE04EC0-301F-11D3-BF4B-00C04F79EFBC}") = "RandomSport", "RandomSport\RandomSport.csproj", "{9E7C2563-F37F-4F79-B318-6D263FB2BF10}"
EndProject
Global
	GlobalSection(SolutionConfigurationPlatforms) = preSolution
		Debug|Any CPU = Debug|Any CPU
		Release|Any CPU = Release|Any CPU
	EndGlobalSection
	GlobalSection(ProjectConfigurationPlatforms) = postSolution
		{9E7C2563-F37F-4F79-B318-6D263FB2BF10}.Debug|Any CPU.ActiveCfg = Debug|Any CPU
		{9E7C2563-F37F-4F79-B318-6D263FB2BF10}.Debug|Any CPU.Build.0 = Debug|Any CPU
		{9E7C2563-F37F-4F79-B318-6D263FB2BF10}.Release|Any CPU.ActiveCfg = Release|Any CPU
		{9E7C2563-F37F-4F79-B318-6D263FB2BF10}.Release|Any CPU.Build.0 = Release|Any CPU
	EndGlobalSection
	GlobalSection(SolutionProperties) = preSolution
		HideSolutionNode = FALSE
	EndGlobalSection
	GlobalSection(ExtensibilityGlobals) = postSolution
		SolutionGuid = {AC3EC7C0-D355-477F-905A-9CCAC9413A88}
	EndGlobalSection
EndGlobal
